
Microsoft Visual Studio Solution File, Format Version 12.00
# Visual Studio Version 17
VisualStudioVersion = 17.3.32929.385
MinimumVisualStudioVersion = 10.0.40219.1
Project("{FAE04EC0-301F-11D3-BF4B-00C04F79EFBC}") = "StudentsJobs", "StudentsJobs\StudentsJobs.csproj", "{ED3CF18E-576D-44DB-A01A-AD7A060F8908}"
EndProject
Global
	GlobalSection(SolutionConfigurationPlatforms) = preSolution
		Debug|Any CPU = Debug|Any CPU
		Release|Any CPU = Release|Any CPU
	EndGlobalSection
	GlobalSection(ProjectConfigurationPlatforms) = postSolution
		{ED3CF18E-576D-44DB-A01A-AD7A060F8908}.Debug|Any CPU.ActiveCfg = Debug|Any CPU
		{ED3CF18E-576D-44DB-A01A-AD7A060F8908}.Debug|Any CPU.Build.0 = Debug|Any CPU
		{ED3CF18E-576D-44DB-A01A-AD7A060F8908}.Release|Any CPU.ActiveCfg = Release|Any CPU
		{ED3CF18E-576D-44DB-A01A-AD7A060F8908}.Release|Any CPU.Build.0 = Release|Any CPU
	EndGlobalSection
	GlobalSection(SolutionProperties) = preSolution
		HideSolutionNode = FALSE
	EndGlobalSection
	GlobalSection(ExtensibilityGlobals) = postSolution
		SolutionGuid = {D6D5DD09-8A48-4A4D-B1ED-D28F59994C5C}
	EndGlobalSection
EndGlobal
